// !$*UTF8*$!
{
	archiveVersion = 1;
	classes = {
	};
	objectVersion = 55;
	objects = {

/* Begin PBXBuildFile section */
		74312F53ED5E5E0B8BFF68B7 /* Pods_ggTracker.framework in Frameworks */ = {isa = PBXBuildFile; fileRef = AA77C2078BE9E202929229A9 /* Pods_ggTracker.framework */; };
		A0581D1E28FB93D900B7A066 /* AppDelegate.swift in Sources */ = {isa = PBXBuildFile; fileRef = A0581D1D28FB93D900B7A066 /* AppDelegate.swift */; };
		A0581D2028FB93D900B7A066 /* SceneDelegate.swift in Sources */ = {isa = PBXBuildFile; fileRef = A0581D1F28FB93D900B7A066 /* SceneDelegate.swift */; };
		A0581D2228FB93D900B7A066 /* ViewController.swift in Sources */ = {isa = PBXBuildFile; fileRef = A0581D2128FB93D900B7A066 /* ViewController.swift */; };
		A0581D2528FB93D900B7A066 /* Main.storyboard in Resources */ = {isa = PBXBuildFile; fileRef = A0581D2328FB93D900B7A066 /* Main.storyboard */; };
		A0581D2728FB93D900B7A066 /* Assets.xcassets in Resources */ = {isa = PBXBuildFile; fileRef = A0581D2628FB93D900B7A066 /* Assets.xcassets */; };
		A0581D2A28FB93D900B7A066 /* LaunchScreen.storyboard in Resources */ = {isa = PBXBuildFile; fileRef = A0581D2828FB93D900B7A066 /* LaunchScreen.storyboard */; };
		A0581D3328FB963B00B7A066 /* IGDB-SWIFT-API in Frameworks */ = {isa = PBXBuildFile; productRef = A0581D3228FB963B00B7A066 /* IGDB-SWIFT-API */; };
		A063C7C1292BFE9800693A0D /* LoginViewController.swift in Sources */ = {isa = PBXBuildFile; fileRef = A063C7C0292BFE9800693A0D /* LoginViewController.swift */; };
		A06894BA2919EC02006606F2 /* GameModel.swift in Sources */ = {isa = PBXBuildFile; fileRef = A06894B92919EC02006606F2 /* GameModel.swift */; };
		A06DFF3E29076781005F435B /* IGDB_APICaller.swift in Sources */ = {isa = PBXBuildFile; fileRef = A06DFF3D29076781005F435B /* IGDB_APICaller.swift */; };
/* End PBXBuildFile section */

/* Begin PBXFileReference section */
		30E057E003AE70A969912978 /* Pods-ggTracker.debug.xcconfig */ = {isa = PBXFileReference; includeInIndex = 1; lastKnownFileType = text.xcconfig; name = "Pods-ggTracker.debug.xcconfig"; path = "Target Support Files/Pods-ggTracker/Pods-ggTracker.debug.xcconfig"; sourceTree = "<group>"; };
		3AD475A37AFE9BB49F655ACA /* Pods-ggTracker.release.xcconfig */ = {isa = PBXFileReference; includeInIndex = 1; lastKnownFileType = text.xcconfig; name = "Pods-ggTracker.release.xcconfig"; path = "Target Support Files/Pods-ggTracker/Pods-ggTracker.release.xcconfig"; sourceTree = "<group>"; };
		A0581D1A28FB93D900B7A066 /* ggTracker.app */ = {isa = PBXFileReference; explicitFileType = wrapper.application; includeInIndex = 0; path = ggTracker.app; sourceTree = BUILT_PRODUCTS_DIR; };
		A0581D1D28FB93D900B7A066 /* AppDelegate.swift */ = {isa = PBXFileReference; lastKnownFileType = sourcecode.swift; path = AppDelegate.swift; sourceTree = "<group>"; };
		A0581D1F28FB93D900B7A066 /* SceneDelegate.swift */ = {isa = PBXFileReference; lastKnownFileType = sourcecode.swift; path = SceneDelegate.swift; sourceTree = "<group>"; };
		A0581D2128FB93D900B7A066 /* ViewController.swift */ = {isa = PBXFileReference; lastKnownFileType = sourcecode.swift; path = ViewController.swift; sourceTree = "<group>"; };
		A0581D2428FB93D900B7A066 /* Base */ = {isa = PBXFileReference; lastKnownFileType = file.storyboard; name = Base; path = Base.lproj/Main.storyboard; sourceTree = "<group>"; };
		A0581D2628FB93D900B7A066 /* Assets.xcassets */ = {isa = PBXFileReference; lastKnownFileType = folder.assetcatalog; path = Assets.xcassets; sourceTree = "<group>"; };
		A0581D2928FB93D900B7A066 /* Base */ = {isa = PBXFileReference; lastKnownFileType = file.storyboard; name = Base; path = Base.lproj/LaunchScreen.storyboard; sourceTree = "<group>"; };
		A0581D2B28FB93D900B7A066 /* Info.plist */ = {isa = PBXFileReference; lastKnownFileType = text.plist.xml; path = Info.plist; sourceTree = "<group>"; };
		A063C7C0292BFE9800693A0D /* LoginViewController.swift */ = {isa = PBXFileReference; lastKnownFileType = sourcecode.swift; path = LoginViewController.swift; sourceTree = "<group>"; };
		A06894B92919EC02006606F2 /* GameModel.swift */ = {isa = PBXFileReference; lastKnownFileType = sourcecode.swift; path = GameModel.swift; sourceTree = "<group>"; };
		A06DFF3D29076781005F435B /* IGDB_APICaller.swift */ = {isa = PBXFileReference; lastKnownFileType = sourcecode.swift; path = IGDB_APICaller.swift; sourceTree = "<group>"; };
		AA77C2078BE9E202929229A9 /* Pods_ggTracker.framework */ = {isa = PBXFileReference; explicitFileType = wrapper.framework; includeInIndex = 0; path = Pods_ggTracker.framework; sourceTree = BUILT_PRODUCTS_DIR; };
/* End PBXFileReference section */

/* Begin PBXFrameworksBuildPhase section */
		A0581D1728FB93D900B7A066 /* Frameworks */ = {
			isa = PBXFrameworksBuildPhase;
			buildActionMask = 2147483647;
			files = (
				A0581D3328FB963B00B7A066 /* IGDB-SWIFT-API in Frameworks */,
				74312F53ED5E5E0B8BFF68B7 /* Pods_ggTracker.framework in Frameworks */,
			);
			runOnlyForDeploymentPostprocessing = 0;
		};
/* End PBXFrameworksBuildPhase section */

/* Begin PBXGroup section */
		4D406D10589CEDE0877E00C2 /* Pods */ = {
			isa = PBXGroup;
			children = (
				30E057E003AE70A969912978 /* Pods-ggTracker.debug.xcconfig */,
				3AD475A37AFE9BB49F655ACA /* Pods-ggTracker.release.xcconfig */,
			);
			path = Pods;
			sourceTree = "<group>";
		};
		54455A07449F95A4D8A34CDB /* Frameworks */ = {
			isa = PBXGroup;
			children = (
				AA77C2078BE9E202929229A9 /* Pods_ggTracker.framework */,
			);
			name = Frameworks;
			sourceTree = "<group>";
		};
		A0581D1128FB93D900B7A066 = {
			isa = PBXGroup;
			children = (
				A0581D1C28FB93D900B7A066 /* ggTracker */,
				A0581D1B28FB93D900B7A066 /* Products */,
				4D406D10589CEDE0877E00C2 /* Pods */,
				54455A07449F95A4D8A34CDB /* Frameworks */,
			);
			sourceTree = "<group>";
		};
		A0581D1B28FB93D900B7A066 /* Products */ = {
			isa = PBXGroup;
			children = (
				A0581D1A28FB93D900B7A066 /* ggTracker.app */,
			);
			name = Products;
			sourceTree = "<group>";
		};
		A0581D1C28FB93D900B7A066 /* ggTracker */ = {
			isa = PBXGroup;
			children = (
				A06DFF3D29076781005F435B /* IGDB_APICaller.swift */,
				A0581D1D28FB93D900B7A066 /* AppDelegate.swift */,
				A0581D1F28FB93D900B7A066 /* SceneDelegate.swift */,
				A0581D2128FB93D900B7A066 /* ViewController.swift */,
				A06894B92919EC02006606F2 /* GameModel.swift */,
				A0581D2328FB93D900B7A066 /* Main.storyboard */,
				A063C7C0292BFE9800693A0D /* LoginViewController.swift */,
				A0581D2628FB93D900B7A066 /* Assets.xcassets */,
				A0581D2828FB93D900B7A066 /* LaunchScreen.storyboard */,
				A0581D2B28FB93D900B7A066 /* Info.plist */,
			);
			path = ggTracker;
			sourceTree = "<group>";
		};
/* End PBXGroup section */

/* Begin PBXNativeTarget section */
		A0581D1928FB93D900B7A066 /* ggTracker */ = {
			isa = PBXNativeTarget;
			buildConfigurationList = A0581D2E28FB93D900B7A066 /* Build configuration list for PBXNativeTarget "ggTracker" */;
			buildPhases = (
				195BE0A067EF35FBC05C13CB /* [CP] Check Pods Manifest.lock */,
				A0581D1628FB93D900B7A066 /* Sources */,
				A0581D1728FB93D900B7A066 /* Frameworks */,
				A0581D1828FB93D900B7A066 /* Resources */,
				C79C82A4C5FA053B554BC2D7 /* [CP] Embed Pods Frameworks */,
			);
			buildRules = (
			);
			dependencies = (
			);
			name = ggTracker;
			packageProductDependencies = (
				A0581D3228FB963B00B7A066 /* IGDB-SWIFT-API */,
			);
			productName = ggTracker;
			productReference = A0581D1A28FB93D900B7A066 /* ggTracker.app */;
			productType = "com.apple.product-type.application";
		};
/* End PBXNativeTarget section */

/* Begin PBXProject section */
		A0581D1228FB93D900B7A066 /* Project object */ = {
			isa = PBXProject;
			attributes = {
				BuildIndependentTargetsInParallel = 1;
				LastSwiftUpdateCheck = 1400;
				LastUpgradeCheck = 1400;
				TargetAttributes = {
					A0581D1928FB93D900B7A066 = {
						CreatedOnToolsVersion = 14.0;
					};
				};
			};
			buildConfigurationList = A0581D1528FB93D900B7A066 /* Build configuration list for PBXProject "ggTracker" */;
			compatibilityVersion = "Xcode 13.0";
			developmentRegion = en;
			hasScannedForEncodings = 0;
			knownRegions = (
				en,
				Base,
			);
			mainGroup = A0581D1128FB93D900B7A066;
			packageReferences = (
				A0581D3128FB963B00B7A066 /* XCRemoteSwiftPackageReference "IGDB-SWIFT-API" */,
			);
			productRefGroup = A0581D1B28FB93D900B7A066 /* Products */;
			projectDirPath = "";
			projectRoot = "";
			targets = (
				A0581D1928FB93D900B7A066 /* ggTracker */,
			);
		};
/* End PBXProject section */

/* Begin PBXResourcesBuildPhase section */
		A0581D1828FB93D900B7A066 /* Resources */ = {
			isa = PBXResourcesBuildPhase;
			buildActionMask = 2147483647;
			files = (
				A0581D2A28FB93D900B7A066 /* LaunchScreen.storyboard in Resources */,
				A0581D2728FB93D900B7A066 /* Assets.xcassets in Resources */,
				A0581D2528FB93D900B7A066 /* Main.storyboard in Resources */,
			);
			runOnlyForDeploymentPostprocessing = 0;
		};
/* End PBXResourcesBuildPhase section */

/* Begin PBXShellScriptBuildPhase section */
		195BE0A067EF35FBC05C13CB /* [CP] Check Pods Manifest.lock */ = {
			isa = PBXShellScriptBuildPhase;
			buildActionMask = 2147483647;
			files = (
			);
			inputFileListPaths = (
			);
			inputPaths = (
				"${PODS_PODFILE_DIR_PATH}/Podfile.lock",
				"${PODS_ROOT}/Manifest.lock",
			);
			name = "[CP] Check Pods Manifest.lock";
			outputFileListPaths = (
			);
			outputPaths = (
				"$(DERIVED_FILE_DIR)/Pods-ggTracker-checkManifestLockResult.txt",
			);
			runOnlyForDeploymentPostprocessing = 0;
			shellPath = /bin/sh;
			shellScript = "diff \"${PODS_PODFILE_DIR_PATH}/Podfile.lock\" \"${PODS_ROOT}/Manifest.lock\" > /dev/null\nif [ $? != 0 ] ; then\n    # print error to STDERR\n    echo \"error: The sandbox is not in sync with the Podfile.lock. Run 'pod install' or update your CocoaPods installation.\" >&2\n    exit 1\nfi\n# This output is used by Xcode 'outputs' to avoid re-running this script phase.\necho \"SUCCESS\" > \"${SCRIPT_OUTPUT_FILE_0}\"\n";
			showEnvVarsInLog = 0;
		};
		C79C82A4C5FA053B554BC2D7 /* [CP] Embed Pods Frameworks */ = {
			isa = PBXShellScriptBuildPhase;
			buildActionMask = 2147483647;
			files = (
			);
			inputFileListPaths = (
				"${PODS_ROOT}/Target Support Files/Pods-ggTracker/Pods-ggTracker-frameworks-${CONFIGURATION}-input-files.xcfilelist",
			);
			name = "[CP] Embed Pods Frameworks";
			outputFileListPaths = (
				"${PODS_ROOT}/Target Support Files/Pods-ggTracker/Pods-ggTracker-frameworks-${CONFIGURATION}-output-files.xcfilelist",
			);
			runOnlyForDeploymentPostprocessing = 0;
			shellPath = /bin/sh;
			shellScript = "\"${PODS_ROOT}/Target Support Files/Pods-ggTracker/Pods-ggTracker-frameworks.sh\"\n";
			showEnvVarsInLog = 0;
		};
/* End PBXShellScriptBuildPhase section */

/* Begin PBXSourcesBuildPhase section */
		A0581D1628FB93D900B7A066 /* Sources */ = {
			isa = PBXSourcesBuildPhase;
			buildActionMask = 2147483647;
			files = (
				A063C7C1292BFE9800693A0D /* LoginViewController.swift in Sources */,
				A0581D2228FB93D900B7A066 /* ViewController.swift in Sources */,
				A0581D1E28FB93D900B7A066 /* AppDelegate.swift in Sources */,
				A06DFF3E29076781005F435B /* IGDB_APICaller.swift in Sources */,
				A0581D2028FB93D900B7A066 /* SceneDelegate.swift in Sources */,
				A06894BA2919EC02006606F2 /* GameModel.swift in Sources */,
			);
			runOnlyForDeploymentPostprocessing = 0;
		};
/* End PBXSourcesBuildPhase section */

/* Begin PBXVariantGroup section */
		A0581D2328FB93D900B7A066 /* Main.storyboard */ = {
			isa = PBXVariantGroup;
			children = (
				A0581D2428FB93D900B7A066 /* Base */,
			);
			name = Main.storyboard;
			sourceTree = "<group>";
		};
		A0581D2828FB93D900B7A066 /* LaunchScreen.storyboard */ = {
			isa = PBXVariantGroup;
			children = (
				A0581D2928FB93D900B7A066 /* Base */,
			);
			name = LaunchScreen.storyboard;
			sourceTree = "<group>";
		};
/* End PBXVariantGroup section */

/* Begin XCBuildConfiguration section */
		A0581D2C28FB93D900B7A066 /* Debug */ = {
			isa = XCBuildConfiguration;
			buildSettings = {
				ALWAYS_SEARCH_USER_PATHS = NO;
				CLANG_ANALYZER_NONNULL = YES;
				CLANG_ANALYZER_NUMBER_OBJECT_CONVERSION = YES_AGGRESSIVE;
				CLANG_CXX_LANGUAGE_STANDARD = "gnu++20";
				CLANG_ENABLE_MODULES = YES;
				CLANG_ENABLE_OBJC_ARC = YES;
				CLANG_ENABLE_OBJC_WEAK = YES;
				CLANG_WARN_BLOCK_CAPTURE_AUTORELEASING = YES;
				CLANG_WARN_BOOL_CONVERSION = YES;
				CLANG_WARN_COMMA = YES;
				CLANG_WARN_CONSTANT_CONVERSION = YES;
				CLANG_WARN_DEPRECATED_OBJC_IMPLEMENTATIONS = YES;
				CLANG_WARN_DIRECT_OBJC_ISA_USAGE = YES_ERROR;
				CLANG_WARN_DOCUMENTATION_COMMENTS = YES;
				CLANG_WARN_EMPTY_BODY = YES;
				CLANG_WARN_ENUM_CONVERSION = YES;
				CLANG_WARN_INFINITE_RECURSION = YES;
				CLANG_WARN_INT_CONVERSION = YES;
				CLANG_WARN_NON_LITERAL_NULL_CONVERSION = YES;
				CLANG_WARN_OBJC_IMPLICIT_RETAIN_SELF = YES;
				CLANG_WARN_OBJC_LITERAL_CONVERSION = YES;
				CLANG_WARN_OBJC_ROOT_CLASS = YES_ERROR;
				CLANG_WARN_QUOTED_INCLUDE_IN_FRAMEWORK_HEADER = YES;
				CLANG_WARN_RANGE_LOOP_ANALYSIS = YES;
				CLANG_WARN_STRICT_PROTOTYPES = YES;
				CLANG_WARN_SUSPICIOUS_MOVE = YES;
				CLANG_WARN_UNGUARDED_AVAILABILITY = YES_AGGRESSIVE;
				CLANG_WARN_UNREACHABLE_CODE = YES;
				CLANG_WARN__DUPLICATE_METHOD_MATCH = YES;
				COPY_PHASE_STRIP = NO;
				DEBUG_INFORMATION_FORMAT = dwarf;
				ENABLE_STRICT_OBJC_MSGSEND = YES;
				ENABLE_TESTABILITY = YES;
				GCC_C_LANGUAGE_STANDARD = gnu11;
				GCC_DYNAMIC_NO_PIC = NO;
				GCC_NO_COMMON_BLOCKS = YES;
				GCC_OPTIMIZATION_LEVEL = 0;
				GCC_PREPROCESSOR_DEFINITIONS = (
					"DEBUG=1",
					"$(inherited)",
				);
				GCC_WARN_64_TO_32_BIT_CONVERSION = YES;
				GCC_WARN_ABOUT_RETURN_TYPE = YES_ERROR;
				GCC_WARN_UNDECLARED_SELECTOR = YES;
				GCC_WARN_UNINITIALIZED_AUTOS = YES_AGGRESSIVE;
				GCC_WARN_UNUSED_FUNCTION = YES;
				GCC_WARN_UNUSED_VARIABLE = YES;
				IPHONEOS_DEPLOYMENT_TARGET = 16.0;
				MTL_ENABLE_DEBUG_INFO = INCLUDE_SOURCE;
				MTL_FAST_MATH = YES;
				ONLY_ACTIVE_ARCH = YES;
				SDKROOT = iphoneos;
				SWIFT_ACTIVE_COMPILATION_CONDITIONS = DEBUG;
				SWIFT_OPTIMIZATION_LEVEL = "-Onone";
			};
			name = Debug;
		};
		A0581D2D28FB93D900B7A066 /* Release */ = {
			isa = XCBuildConfiguration;
			buildSettings = {
				ALWAYS_SEARCH_USER_PATHS = NO;
				CLANG_ANALYZER_NONNULL = YES;
				CLANG_ANALYZER_NUMBER_OBJECT_CONVERSION = YES_AGGRESSIVE;
				CLANG_CXX_LANGUAGE_STANDARD = "gnu++20";
				CLANG_ENABLE_MODULES = YES;
				CLANG_ENABLE_OBJC_ARC = YES;
				CLANG_ENABLE_OBJC_WEAK = YES;
				CLANG_WARN_BLOCK_CAPTURE_AUTORELEASING = YES;
				CLANG_WARN_BOOL_CONVERSION = YES;
				CLANG_WARN_COMMA = YES;
				CLANG_WARN_CONSTANT_CONVERSION = YES;
				CLANG_WARN_DEPRECATED_OBJC_IMPLEMENTATIONS = YES;
				CLANG_WARN_DIRECT_OBJC_ISA_USAGE = YES_ERROR;
				CLANG_WARN_DOCUMENTATION_COMMENTS = YES;
				CLANG_WARN_EMPTY_BODY = YES;
				CLANG_WARN_ENUM_CONVERSION = YES;
				CLANG_WARN_INFINITE_RECURSION = YES;
				CLANG_WARN_INT_CONVERSION = YES;
				CLANG_WARN_NON_LITERAL_NULL_CONVERSION = YES;
				CLANG_WARN_OBJC_IMPLICIT_RETAIN_SELF = YES;
				CLANG_WARN_OBJC_LITERAL_CONVERSION = YES;
				CLANG_WARN_OBJC_ROOT_CLASS = YES_ERROR;
				CLANG_WARN_QUOTED_INCLUDE_IN_FRAMEWORK_HEADER = YES;
				CLANG_WARN_RANGE_LOOP_ANALYSIS = YES;
				CLANG_WARN_STRICT_PROTOTYPES = YES;
				CLANG_WARN_SUSPICIOUS_MOVE = YES;
				CLANG_WARN_UNGUARDED_AVAILABILITY = YES_AGGRESSIVE;
				CLANG_WARN_UNREACHABLE_CODE = YES;
				CLANG_WARN__DUPLICATE_METHOD_MATCH = YES;
				COPY_PHASE_STRIP = NO;
				DEBUG_INFORMATION_FORMAT = "dwarf-with-dsym";
				ENABLE_NS_ASSERTIONS = NO;
				ENABLE_STRICT_OBJC_MSGSEND = YES;
				GCC_C_LANGUAGE_STANDARD = gnu11;
				GCC_NO_COMMON_BLOCKS = YES;
				GCC_WARN_64_TO_32_BIT_CONVERSION = YES;
				GCC_WARN_ABOUT_RETURN_TYPE = YES_ERROR;
				GCC_WARN_UNDECLARED_SELECTOR = YES;
				GCC_WARN_UNINITIALIZED_AUTOS = YES_AGGRESSIVE;
				GCC_WARN_UNUSED_FUNCTION = YES;
				GCC_WARN_UNUSED_VARIABLE = YES;
				IPHONEOS_DEPLOYMENT_TARGET = 16.0;
				MTL_ENABLE_DEBUG_INFO = NO;
				MTL_FAST_MATH = YES;
				SDKROOT = iphoneos;
				SWIFT_COMPILATION_MODE = wholemodule;
				SWIFT_OPTIMIZATION_LEVEL = "-O";
				VALIDATE_PRODUCT = YES;
			};
			name = Release;
		};
		A0581D2F28FB93D900B7A066 /* Debug */ = {
			isa = XCBuildConfiguration;
			baseConfigurationReference = 30E057E003AE70A969912978 /* Pods-ggTracker.debug.xcconfig */;
			buildSettings = {
				ASSETCATALOG_COMPILER_APPICON_NAME = AppIcon;
				ASSETCATALOG_COMPILER_GLOBAL_ACCENT_COLOR_NAME = AccentColor;
				CODE_SIGN_STYLE = Automatic;
				CURRENT_PROJECT_VERSION = 1;
				DEVELOPMENT_TEAM = EU8CB76HT6;
				GENERATE_INFOPLIST_FILE = YES;
				INFOPLIST_FILE = ggTracker/Info.plist;
				INFOPLIST_KEY_UIApplicationSupportsIndirectInputEvents = YES;
				INFOPLIST_KEY_UILaunchStoryboardName = LaunchScreen;
				INFOPLIST_KEY_UIMainStoryboardFile = Main;
				INFOPLIST_KEY_UISupportedInterfaceOrientations_iPad = "UIInterfaceOrientationPortrait UIInterfaceOrientationPortraitUpsideDown UIInterfaceOrientationLandscapeLeft UIInterfaceOrientationLandscapeRight";
				INFOPLIST_KEY_UISupportedInterfaceOrientations_iPhone = "UIInterfaceOrientationPortrait UIInterfaceOrientationLandscapeLeft UIInterfaceOrientationLandscapeRight";
				LD_RUNPATH_SEARCH_PATHS = (
					"$(inherited)",
					"@executable_path/Frameworks",
				);
				MARKETING_VERSION = 1.0;
				PRODUCT_BUNDLE_IDENTIFIER = com.SiobahnDevlin.ggTracker;
				PRODUCT_NAME = "$(TARGET_NAME)";
				SWIFT_EMIT_LOC_STRINGS = YES;
				SWIFT_VERSION = 5.0;
				TARGETED_DEVICE_FAMILY = "1,2";
			};
			name = Debug;
		};
		A0581D3028FB93D900B7A066 /* Release */ = {
			isa = XCBuildConfiguration;
			baseConfigurationReference = 3AD475A37AFE9BB49F655ACA /* Pods-ggTracker.release.xcconfig */;
			buildSettings = {
				ASSETCATALOG_COMPILER_APPICON_NAME = AppIcon;
				ASSETCATALOG_COMPILER_GLOBAL_ACCENT_COLOR_NAME = AccentColor;
				CODE_SIGN_STYLE = Automatic;
				CURRENT_PROJECT_VERSION = 1;
				DEVELOPMENT_TEAM = EU8CB76HT6;
				GENERATE_INFOPLIST_FILE = YES;
				INFOPLIST_FILE = ggTracker/Info.plist;
				INFOPLIST_KEY_UIApplicationSupportsIndirectInputEvents = YES;
				INFOPLIST_KEY_UILaunchStoryboardName = LaunchScreen;
				INFOPLIST_KEY_UIMainStoryboardFile = Main;
				INFOPLIST_KEY_UISupportedInterfaceOrientations_iPad = "UIInterfaceOrientationPortrait UIInterfaceOrientationPortraitUpsideDown UIInterfaceOrientationLandscapeLeft UIInterfaceOrientationLandscapeRight";
				INFOPLIST_KEY_UISupportedInterfaceOrientations_iPhone = "UIInterfaceOrientationPortrait UIInterfaceOrientationLandscapeLeft UIInterfaceOrientationLandscapeRight";
				LD_RUNPATH_SEARCH_PATHS = (
					"$(inherited)",
					"@executable_path/Frameworks",
				);
				MARKETING_VERSION = 1.0;
				PRODUCT_BUNDLE_IDENTIFIER = com.SiobahnDevlin.ggTracker;
				PRODUCT_NAME = "$(TARGET_NAME)";
				SWIFT_EMIT_LOC_STRINGS = YES;
				SWIFT_VERSION = 5.0;
				TARGETED_DEVICE_FAMILY = "1,2";
			};
			name = Release;
		};
/* End XCBuildConfiguration section */

/* Begin XCConfigurationList section */
		A0581D1528FB93D900B7A066 /* Build configuration list for PBXProject "ggTracker" */ = {
			isa = XCConfigurationList;
			buildConfigurations = (
				A0581D2C28FB93D900B7A066 /* Debug */,
				A0581D2D28FB93D900B7A066 /* Release */,
			);
			defaultConfigurationIsVisible = 0;
			defaultConfigurationName = Release;
		};
		A0581D2E28FB93D900B7A066 /* Build configuration list for PBXNativeTarget "ggTracker" */ = {
			isa = XCConfigurationList;
			buildConfigurations = (
				A0581D2F28FB93D900B7A066 /* Debug */,
				A0581D3028FB93D900B7A066 /* Release */,
			);
			defaultConfigurationIsVisible = 0;
			defaultConfigurationName = Release;
		};
/* End XCConfigurationList section */

/* Begin XCRemoteSwiftPackageReference section */
		A0581D3128FB963B00B7A066 /* XCRemoteSwiftPackageReference "IGDB-SWIFT-API" */ = {
			isa = XCRemoteSwiftPackageReference;
			repositoryURL = "https://github.com/husnjak/IGDB-SWIFT-API";
			requirement = {
				kind = upToNextMajorVersion;
				minimumVersion = 0.3.6;
			};
		};
/* End XCRemoteSwiftPackageReference section */

/* Begin XCSwiftPackageProductDependency section */
		A0581D3228FB963B00B7A066 /* IGDB-SWIFT-API */ = {
			isa = XCSwiftPackageProductDependency;
			package = A0581D3128FB963B00B7A066 /* XCRemoteSwiftPackageReference "IGDB-SWIFT-API" */;
			productName = "IGDB-SWIFT-API";
		};
/* End XCSwiftPackageProductDependency section */
	};
	rootObject = A0581D1228FB93D900B7A066 /* Project object */;
}
